
Microsoft Visual Studio Solution File, Format Version 12.00
# Visual Studio Version 17
VisualStudioVersion = 17.10.35013.160
MinimumVisualStudioVersion = 10.0.40219.1
Project("{FAE04EC0-301F-11D3-BF4B-00C04F79EFBC}") = "DrinksMacine", "DrinksMacine\DrinksMacine.csproj", "{89591E28-D3B8-4B82-8721-A3CFD1F7218E}"
EndProject
Global
	GlobalSection(SolutionConfigurationPlatforms) = preSolution
		Debug|Any CPU = Debug|Any CPU
		Release|Any CPU = Release|Any CPU
	EndGlobalSection
	GlobalSection(ProjectConfigurationPlatforms) = postSolution
		{89591E28-D3B8-4B82-8721-A3CFD1F7218E}.Debug|Any CPU.ActiveCfg = Debug|Any CPU
		{89591E28-D3B8-4B82-8721-A3CFD1F7218E}.Debug|Any CPU.Build.0 = Debug|Any CPU
		{89591E28-D3B8-4B82-8721-A3CFD1F7218E}.Release|Any CPU.ActiveCfg = Release|Any CPU
		{89591E28-D3B8-4B82-8721-A3CFD1F7218E}.Release|Any CPU.Build.0 = Release|Any CPU
	EndGlobalSection
	GlobalSection(SolutionProperties) = preSolution
		HideSolutionNode = FALSE
	EndGlobalSection
	GlobalSection(ExtensibilityGlobals) = postSolution
		SolutionGuid = {D9D68772-FD6E-41C8-A9D6-2B188815E43D}
	EndGlobalSection
EndGlobal
